
Microsoft Visual Studio Solution File, Format Version 12.00
# Visual Studio Version 17
VisualStudioVersion = 17.7.34009.444
MinimumVisualStudioVersion = 10.0.40219.1
Project("{9A19103F-16F7-4668-BE54-9A1E7A4F7556}") = "WE Assignment", "WE Assignment\WE Assignment.csproj", "{680C8980-B9E5-4524-B183-E7DFA6FB36D4}"
EndProject
Global
	GlobalSection(SolutionConfigurationPlatforms) = preSolution
		Debug|Any CPU = Debug|Any CPU
		Release|Any CPU = Release|Any CPU
	EndGlobalSection
	GlobalSection(ProjectConfigurationPlatforms) = postSolution
		{680C8980-B9E5-4524-B183-E7DFA6FB36D4}.Debug|Any CPU.ActiveCfg = Debug|Any CPU
		{680C8980-B9E5-4524-B183-E7DFA6FB36D4}.Debug|Any CPU.Build.0 = Debug|Any CPU
		{680C8980-B9E5-4524-B183-E7DFA6FB36D4}.Release|Any CPU.ActiveCfg = Release|Any CPU
		{680C8980-B9E5-4524-B183-E7DFA6FB36D4}.Release|Any CPU.Build.0 = Release|Any CPU
	EndGlobalSection
	GlobalSection(SolutionProperties) = preSolution
		HideSolutionNode = FALSE
	EndGlobalSection
	GlobalSection(ExtensibilityGlobals) = postSolution
		SolutionGuid = {0B5D8393-FD21-4D79-98D4-09B27A3D2ACE}
	EndGlobalSection
EndGlobal
